{
  "name": "beeorder",
  "version": "1.0.0",
  "lockfileVersion": 1,
  "requires": true,
  "dependencies": {
    "@vant/weapp": {
      "version": "1.4.3",
      "resolved": "https://registry.npmjs.org/@vant/weapp/-/weapp-1.4.3.tgz",
      "integrity": "sha512-5w3Buwj2+eT7h9+M0jV1XymmSAPRfw2ACg2bzwwvA/OWGF73Mb5tbE9eHTmFxNybAKnuHO3e8BLjcoI1BFS31g=="
    },
    "apifm-wxapi": {
      "version": "3.13.0",
      "resolved": "https://registry.npmjs.org/apifm-wxapi/-/apifm-wxapi-3.13.0.tgz",
      "integrity": "sha512-21m3tFr0y17U+rKi4clQcssk8Bx0j7SIsilO5rHPqSYsgLfRP1LUur++77efIBNAvJABOE2DgSgqldhOjKnLAw=="
    },
    "wxbarcode": {
      "version": "1.0.2",
      "resolved": "https://registry.npmjs.org/wxbarcode/-/wxbarcode-1.0.2.tgz",
      "integrity": "sha1-zgLjSP8AYwHZIBd21sn1rZATFLU="
    }
  }
}
